// !$*UTF8*$!
{
	archiveVersion = 1;
	classes = {
	};
	objectVersion = 55;
	objects = {

/* Begin PBXBuildFile section */
		134E75627B82DD97003D0BE6 /* Pods_MessagingAppIOS.framework in Frameworks */ = {isa = PBXBuildFile; fileRef = D121BFC10752C63812C87716 /* Pods_MessagingAppIOS.framework */; };
		7F52A3B5289A8BA000569527 /* Message.swift in Sources */ = {isa = PBXBuildFile; fileRef = 7F52A3B4289A8BA000569527 /* Message.swift */; };
		7F52A3B7289BE83B00569527 /* ChatTableViewCell.swift in Sources */ = {isa = PBXBuildFile; fileRef = 7F52A3B6289BE83B00569527 /* ChatTableViewCell.swift */; };
		7F52A3BA289DCE5B00569527 /* UIViewExtensions.swift in Sources */ = {isa = PBXBuildFile; fileRef = 7F52A3B9289DCE5B00569527 /* UIViewExtensions.swift */; };
		7FB3A4E92899996C00063766 /* AppDelegate.swift in Sources */ = {isa = PBXBuildFile; fileRef = 7FB3A4E82899996C00063766 /* AppDelegate.swift */; };
		7FB3A4EB2899996C00063766 /* SceneDelegate.swift in Sources */ = {isa = PBXBuildFile; fileRef = 7FB3A4EA2899996C00063766 /* SceneDelegate.swift */; };
		7FB3A4ED2899996C00063766 /* ViewController.swift in Sources */ = {isa = PBXBuildFile; fileRef = 7FB3A4EC2899996C00063766 /* ViewController.swift */; };
		7FB3A4F02899996C00063766 /* Main.storyboard in Resources */ = {isa = PBXBuildFile; fileRef = 7FB3A4EE2899996C00063766 /* Main.storyboard */; };
		7FB3A4F32899996C00063766 /* MessagingAppIOS.xcdatamodeld in Sources */ = {isa = PBXBuildFile; fileRef = 7FB3A4F12899996C00063766 /* MessagingAppIOS.xcdatamodeld */; };
		7FB3A4F52899996D00063766 /* Assets.xcassets in Resources */ = {isa = PBXBuildFile; fileRef = 7FB3A4F42899996D00063766 /* Assets.xcassets */; };
		7FB3A4F82899996D00063766 /* LaunchScreen.storyboard in Resources */ = {isa = PBXBuildFile; fileRef = 7FB3A4F62899996D00063766 /* LaunchScreen.storyboard */; };
		7FB3A50228999C1200063766 /* GoogleService-Info.plist in Resources */ = {isa = PBXBuildFile; fileRef = 7FB3A50128999C1200063766 /* GoogleService-Info.plist */; };
		7FFDD8822899B73400FCDAC7 /* RegisterViewController.swift in Sources */ = {isa = PBXBuildFile; fileRef = 7FFDD8812899B73400FCDAC7 /* RegisterViewController.swift */; };
		7FFDD8842899B73F00FCDAC7 /* LoginViewController.swift in Sources */ = {isa = PBXBuildFile; fileRef = 7FFDD8832899B73F00FCDAC7 /* LoginViewController.swift */; };
		7FFDD8862899B74800FCDAC7 /* ChatViewController.swift in Sources */ = {isa = PBXBuildFile; fileRef = 7FFDD8852899B74800FCDAC7 /* ChatViewController.swift */; };
/* End PBXBuildFile section */

/* Begin PBXFileReference section */
		0810F9C721FC8880CC8E26E0 /* Pods-MessagingAppIOS.debug.xcconfig */ = {isa = PBXFileReference; includeInIndex = 1; lastKnownFileType = text.xcconfig; name = "Pods-MessagingAppIOS.debug.xcconfig"; path = "Target Support Files/Pods-MessagingAppIOS/Pods-MessagingAppIOS.debug.xcconfig"; sourceTree = "<group>"; };
		79536D1E5255770419893325 /* Pods-MessagingAppIOS.release.xcconfig */ = {isa = PBXFileReference; includeInIndex = 1; lastKnownFileType = text.xcconfig; name = "Pods-MessagingAppIOS.release.xcconfig"; path = "Target Support Files/Pods-MessagingAppIOS/Pods-MessagingAppIOS.release.xcconfig"; sourceTree = "<group>"; };
		7F52A3B4289A8BA000569527 /* Message.swift */ = {isa = PBXFileReference; lastKnownFileType = sourcecode.swift; path = Message.swift; sourceTree = "<group>"; };
		7F52A3B6289BE83B00569527 /* ChatTableViewCell.swift */ = {isa = PBXFileReference; lastKnownFileType = sourcecode.swift; path = ChatTableViewCell.swift; sourceTree = "<group>"; };
		7F52A3B9289DCE5B00569527 /* UIViewExtensions.swift */ = {isa = PBXFileReference; lastKnownFileType = sourcecode.swift; path = UIViewExtensions.swift; sourceTree = "<group>"; };
		7FB3A4E52899996C00063766 /* MessagingAppIOS.app */ = {isa = PBXFileReference; explicitFileType = wrapper.application; includeInIndex = 0; path = MessagingAppIOS.app; sourceTree = BUILT_PRODUCTS_DIR; };
		7FB3A4E82899996C00063766 /* AppDelegate.swift */ = {isa = PBXFileReference; lastKnownFileType = sourcecode.swift; path = AppDelegate.swift; sourceTree = "<group>"; };
		7FB3A4EA2899996C00063766 /* SceneDelegate.swift */ = {isa = PBXFileReference; lastKnownFileType = sourcecode.swift; path = SceneDelegate.swift; sourceTree = "<group>"; };
		7FB3A4EC2899996C00063766 /* ViewController.swift */ = {isa = PBXFileReference; lastKnownFileType = sourcecode.swift; path = ViewController.swift; sourceTree = "<group>"; };
		7FB3A4EF2899996C00063766 /* Base */ = {isa = PBXFileReference; lastKnownFileType = file.storyboard; name = Base; path = Base.lproj/Main.storyboard; sourceTree = "<group>"; };
		7FB3A4F22899996C00063766 /* MessagingAppIOS.xcdatamodel */ = {isa = PBXFileReference; lastKnownFileType = wrapper.xcdatamodel; path = MessagingAppIOS.xcdatamodel; sourceTree = "<group>"; };
		7FB3A4F42899996D00063766 /* Assets.xcassets */ = {isa = PBXFileReference; lastKnownFileType = folder.assetcatalog; path = Assets.xcassets; sourceTree = "<group>"; };
		7FB3A4F72899996D00063766 /* Base */ = {isa = PBXFileReference; lastKnownFileType = file.storyboard; name = Base; path = Base.lproj/LaunchScreen.storyboard; sourceTree = "<group>"; };
		7FB3A4F92899996D00063766 /* Info.plist */ = {isa = PBXFileReference; lastKnownFileType = text.plist.xml; path = Info.plist; sourceTree = "<group>"; };
		7FB3A50128999C1200063766 /* GoogleService-Info.plist */ = {isa = PBXFileReference; fileEncoding = 4; lastKnownFileType = text.plist.xml; path = "GoogleService-Info.plist"; sourceTree = "<group>"; };
		7FFDD8812899B73400FCDAC7 /* RegisterViewController.swift */ = {isa = PBXFileReference; lastKnownFileType = sourcecode.swift; path = RegisterViewController.swift; sourceTree = "<group>"; };
		7FFDD8832899B73F00FCDAC7 /* LoginViewController.swift */ = {isa = PBXFileReference; lastKnownFileType = sourcecode.swift; path = LoginViewController.swift; sourceTree = "<group>"; };
		7FFDD8852899B74800FCDAC7 /* ChatViewController.swift */ = {isa = PBXFileReference; lastKnownFileType = sourcecode.swift; path = ChatViewController.swift; sourceTree = "<group>"; };
		D121BFC10752C63812C87716 /* Pods_MessagingAppIOS.framework */ = {isa = PBXFileReference; explicitFileType = wrapper.framework; includeInIndex = 0; path = Pods_MessagingAppIOS.framework; sourceTree = BUILT_PRODUCTS_DIR; };
/* End PBXFileReference section */

/* Begin PBXFrameworksBuildPhase section */
		7FB3A4E22899996C00063766 /* Frameworks */ = {
			isa = PBXFrameworksBuildPhase;
			buildActionMask = 2147483647;
			files = (
				134E75627B82DD97003D0BE6 /* Pods_MessagingAppIOS.framework in Frameworks */,
			);
			runOnlyForDeploymentPostprocessing = 0;
		};
/* End PBXFrameworksBuildPhase section */

/* Begin PBXGroup section */
		18FA1A420E86972F940459FD /* Frameworks */ = {
			isa = PBXGroup;
			children = (
				D121BFC10752C63812C87716 /* Pods_MessagingAppIOS.framework */,
			);
			name = Frameworks;
			sourceTree = "<group>";
		};
		7F52A3B8289DCE0D00569527 /* Extensions */ = {
			isa = PBXGroup;
			children = (
				7F52A3B9289DCE5B00569527 /* UIViewExtensions.swift */,
			);
			path = Extensions;
			sourceTree = "<group>";
		};
		7FB3A4DC2899996C00063766 = {
			isa = PBXGroup;
			children = (
				7FB3A4E72899996C00063766 /* MessagingAppIOS */,
				7FB3A4E62899996C00063766 /* Products */,
				D6FC06E652EA78BE7C12D6E8 /* Pods */,
				18FA1A420E86972F940459FD /* Frameworks */,
			);
			sourceTree = "<group>";
		};
		7FB3A4E62899996C00063766 /* Products */ = {
			isa = PBXGroup;
			children = (
				7FB3A4E52899996C00063766 /* MessagingAppIOS.app */,
			);
			name = Products;
			sourceTree = "<group>";
		};
		7FB3A4E72899996C00063766 /* MessagingAppIOS */ = {
			isa = PBXGroup;
			children = (
				7F52A3B8289DCE0D00569527 /* Extensions */,
				7FFDD8802899B6DE00FCDAC7 /* Controller */,
				7FFDD87F2899B6D600FCDAC7 /* View */,
				7FFDD87E2899B6CE00FCDAC7 /* Model */,
				7FB3A50128999C1200063766 /* GoogleService-Info.plist */,
				7FB3A4E82899996C00063766 /* AppDelegate.swift */,
				7FB3A4EA2899996C00063766 /* SceneDelegate.swift */,
				7FB3A4EE2899996C00063766 /* Main.storyboard */,
				7FB3A4F42899996D00063766 /* Assets.xcassets */,
				7FB3A4F62899996D00063766 /* LaunchScreen.storyboard */,
				7FB3A4F92899996D00063766 /* Info.plist */,
				7FB3A4F12899996C00063766 /* MessagingAppIOS.xcdatamodeld */,
			);
			path = MessagingAppIOS;
			sourceTree = "<group>";
		};
		7FFDD87E2899B6CE00FCDAC7 /* Model */ = {
			isa = PBXGroup;
			children = (
				7F52A3B4289A8BA000569527 /* Message.swift */,
			);
			path = Model;
			sourceTree = "<group>";
		};
		7FFDD87F2899B6D600FCDAC7 /* View */ = {
			isa = PBXGroup;
			children = (
				7F52A3B6289BE83B00569527 /* ChatTableViewCell.swift */,
			);
			path = View;
			sourceTree = "<group>";
		};
		7FFDD8802899B6DE00FCDAC7 /* Controller */ = {
			isa = PBXGroup;
			children = (
				7FB3A4EC2899996C00063766 /* ViewController.swift */,
				7FFDD8812899B73400FCDAC7 /* RegisterViewController.swift */,
				7FFDD8832899B73F00FCDAC7 /* LoginViewController.swift */,
				7FFDD8852899B74800FCDAC7 /* ChatViewController.swift */,
			);
			path = Controller;
			sourceTree = "<group>";
		};
		D6FC06E652EA78BE7C12D6E8 /* Pods */ = {
			isa = PBXGroup;
			children = (
				0810F9C721FC8880CC8E26E0 /* Pods-MessagingAppIOS.debug.xcconfig */,
				79536D1E5255770419893325 /* Pods-MessagingAppIOS.release.xcconfig */,
			);
			path = Pods;
			sourceTree = "<group>";
		};
/* End PBXGroup section */

/* Begin PBXNativeTarget section */
		7FB3A4E42899996C00063766 /* MessagingAppIOS */ = {
			isa = PBXNativeTarget;
			buildConfigurationList = 7FB3A4FC2899996D00063766 /* Build configuration list for PBXNativeTarget "MessagingAppIOS" */;
			buildPhases = (
				349CA6F217A8DC5DFC57CC88 /* [CP] Check Pods Manifest.lock */,
				7FB3A4E12899996C00063766 /* Sources */,
				7FB3A4E22899996C00063766 /* Frameworks */,
				7FB3A4E32899996C00063766 /* Resources */,
				7E2CD7B3B00BD0A50BE8C00A /* [CP] Embed Pods Frameworks */,
			);
			buildRules = (
			);
			dependencies = (
			);
			name = MessagingAppIOS;
			packageProductDependencies = (
			);
			productName = MessagingAppIOS;
			productReference = 7FB3A4E52899996C00063766 /* MessagingAppIOS.app */;
			productType = "com.apple.product-type.application";
		};
/* End PBXNativeTarget section */

/* Begin PBXProject section */
		7FB3A4DD2899996C00063766 /* Project object */ = {
			isa = PBXProject;
			attributes = {
				BuildIndependentTargetsInParallel = 1;
				LastSwiftUpdateCheck = 1340;
				LastUpgradeCheck = 1340;
				TargetAttributes = {
					7FB3A4E42899996C00063766 = {
						CreatedOnToolsVersion = 13.4.1;
					};
				};
			};
			buildConfigurationList = 7FB3A4E02899996C00063766 /* Build configuration list for PBXProject "MessagingAppIOS" */;
			compatibilityVersion = "Xcode 13.0";
			developmentRegion = en;
			hasScannedForEncodings = 0;
			knownRegions = (
				en,
				Base,
			);
			mainGroup = 7FB3A4DC2899996C00063766;
			packageReferences = (
			);
			productRefGroup = 7FB3A4E62899996C00063766 /* Products */;
			projectDirPath = "";
			projectRoot = "";
			targets = (
				7FB3A4E42899996C00063766 /* MessagingAppIOS */,
			);
		};
/* End PBXProject section */

/* Begin PBXResourcesBuildPhase section */
		7FB3A4E32899996C00063766 /* Resources */ = {
			isa = PBXResourcesBuildPhase;
			buildActionMask = 2147483647;
			files = (
				7FB3A4F82899996D00063766 /* LaunchScreen.storyboard in Resources */,
				7FB3A50228999C1200063766 /* GoogleService-Info.plist in Resources */,
				7FB3A4F52899996D00063766 /* Assets.xcassets in Resources */,
				7FB3A4F02899996C00063766 /* Main.storyboard in Resources */,
			);
			runOnlyForDeploymentPostprocessing = 0;
		};
/* End PBXResourcesBuildPhase section */

/* Begin PBXShellScriptBuildPhase section */
		349CA6F217A8DC5DFC57CC88 /* [CP] Check Pods Manifest.lock */ = {
			isa = PBXShellScriptBuildPhase;
			buildActionMask = 2147483647;
			files = (
			);
			inputFileListPaths = (
			);
			inputPaths = (
				"${PODS_PODFILE_DIR_PATH}/Podfile.lock",
				"${PODS_ROOT}/Manifest.lock",
			);
			name = "[CP] Check Pods Manifest.lock";
			outputFileListPaths = (
			);
			outputPaths = (
				"$(DERIVED_FILE_DIR)/Pods-MessagingAppIOS-checkManifestLockResult.txt",
			);
			runOnlyForDeploymentPostprocessing = 0;
			shellPath = /bin/sh;
			shellScript = "diff \"${PODS_PODFILE_DIR_PATH}/Podfile.lock\" \"${PODS_ROOT}/Manifest.lock\" > /dev/null\nif [ $? != 0 ] ; then\n    # print error to STDERR\n    echo \"error: The sandbox is not in sync with the Podfile.lock. Run 'pod install' or update your CocoaPods installation.\" >&2\n    exit 1\nfi\n# This output is used by Xcode 'outputs' to avoid re-running this script phase.\necho \"SUCCESS\" > \"${SCRIPT_OUTPUT_FILE_0}\"\n";
			showEnvVarsInLog = 0;
		};
		7E2CD7B3B00BD0A50BE8C00A /* [CP] Embed Pods Frameworks */ = {
			isa = PBXShellScriptBuildPhase;
			buildActionMask = 2147483647;
			files = (
			);
			inputFileListPaths = (
				"${PODS_ROOT}/Target Support Files/Pods-MessagingAppIOS/Pods-MessagingAppIOS-frameworks-${CONFIGURATION}-input-files.xcfilelist",
			);
			name = "[CP] Embed Pods Frameworks";
			outputFileListPaths = (
				"${PODS_ROOT}/Target Support Files/Pods-MessagingAppIOS/Pods-MessagingAppIOS-frameworks-${CONFIGURATION}-output-files.xcfilelist",
			);
			runOnlyForDeploymentPostprocessing = 0;
			shellPath = /bin/sh;
			shellScript = "\"${PODS_ROOT}/Target Support Files/Pods-MessagingAppIOS/Pods-MessagingAppIOS-frameworks.sh\"\n";
			showEnvVarsInLog = 0;
		};
/* End PBXShellScriptBuildPhase section */

/* Begin PBXSourcesBuildPhase section */
		7FB3A4E12899996C00063766 /* Sources */ = {
			isa = PBXSourcesBuildPhase;
			buildActionMask = 2147483647;
			files = (
				7FFDD8842899B73F00FCDAC7 /* LoginViewController.swift in Sources */,
				7FB3A4ED2899996C00063766 /* ViewController.swift in Sources */,
				7FFDD8822899B73400FCDAC7 /* RegisterViewController.swift in Sources */,
				7F52A3B7289BE83B00569527 /* ChatTableViewCell.swift in Sources */,
				7FFDD8862899B74800FCDAC7 /* ChatViewController.swift in Sources */,
				7FB3A4E92899996C00063766 /* AppDelegate.swift in Sources */,
				7F52A3BA289DCE5B00569527 /* UIViewExtensions.swift in Sources */,
				7F52A3B5289A8BA000569527 /* Message.swift in Sources */,
				7FB3A4F32899996C00063766 /* MessagingAppIOS.xcdatamodeld in Sources */,
				7FB3A4EB2899996C00063766 /* SceneDelegate.swift in Sources */,
			);
			runOnlyForDeploymentPostprocessing = 0;
		};
/* End PBXSourcesBuildPhase section */

/* Begin PBXVariantGroup section */
		7FB3A4EE2899996C00063766 /* Main.storyboard */ = {
			isa = PBXVariantGroup;
			children = (
				7FB3A4EF2899996C00063766 /* Base */,
			);
			name = Main.storyboard;
			sourceTree = "<group>";
		};
		7FB3A4F62899996D00063766 /* LaunchScreen.storyboard */ = {
			isa = PBXVariantGroup;
			children = (
				7FB3A4F72899996D00063766 /* Base */,
			);
			name = LaunchScreen.storyboard;
			sourceTree = "<group>";
		};
/* End PBXVariantGroup section */

/* Begin XCBuildConfiguration section */
		7FB3A4FA2899996D00063766 /* Debug */ = {
			isa = XCBuildConfiguration;
			buildSettings = {
				ALWAYS_SEARCH_USER_PATHS = NO;
				CLANG_ANALYZER_NONNULL = YES;
				CLANG_ANALYZER_NUMBER_OBJECT_CONVERSION = YES_AGGRESSIVE;
				CLANG_CXX_LANGUAGE_STANDARD = "gnu++17";
				CLANG_ENABLE_MODULES = YES;
				CLANG_ENABLE_OBJC_ARC = YES;
				CLANG_ENABLE_OBJC_WEAK = YES;
				CLANG_WARN_BLOCK_CAPTURE_AUTORELEASING = YES;
				CLANG_WARN_BOOL_CONVERSION = YES;
				CLANG_WARN_COMMA = YES;
				CLANG_WARN_CONSTANT_CONVERSION = YES;
				CLANG_WARN_DEPRECATED_OBJC_IMPLEMENTATIONS = YES;
				CLANG_WARN_DIRECT_OBJC_ISA_USAGE = YES_ERROR;
				CLANG_WARN_DOCUMENTATION_COMMENTS = YES;
				CLANG_WARN_EMPTY_BODY = YES;
				CLANG_WARN_ENUM_CONVERSION = YES;
				CLANG_WARN_INFINITE_RECURSION = YES;
				CLANG_WARN_INT_CONVERSION = YES;
				CLANG_WARN_NON_LITERAL_NULL_CONVERSION = YES;
				CLANG_WARN_OBJC_IMPLICIT_RETAIN_SELF = YES;
				CLANG_WARN_OBJC_LITERAL_CONVERSION = YES;
				CLANG_WARN_OBJC_ROOT_CLASS = YES_ERROR;
				CLANG_WARN_QUOTED_INCLUDE_IN_FRAMEWORK_HEADER = YES;
				CLANG_WARN_RANGE_LOOP_ANALYSIS = YES;
				CLANG_WARN_STRICT_PROTOTYPES = YES;
				CLANG_WARN_SUSPICIOUS_MOVE = YES;
				CLANG_WARN_UNGUARDED_AVAILABILITY = YES_AGGRESSIVE;
				CLANG_WARN_UNREACHABLE_CODE = YES;
				CLANG_WARN__DUPLICATE_METHOD_MATCH = YES;
				COPY_PHASE_STRIP = NO;
				DEBUG_INFORMATION_FORMAT = dwarf;
				ENABLE_STRICT_OBJC_MSGSEND = YES;
				ENABLE_TESTABILITY = YES;
				GCC_C_LANGUAGE_STANDARD = gnu11;
				GCC_DYNAMIC_NO_PIC = NO;
				GCC_NO_COMMON_BLOCKS = YES;
				GCC_OPTIMIZATION_LEVEL = 0;
				GCC_PREPROCESSOR_DEFINITIONS = (
					"DEBUG=1",
					"$(inherited)",
				);
				GCC_WARN_64_TO_32_BIT_CONVERSION = YES;
				GCC_WARN_ABOUT_RETURN_TYPE = YES_ERROR;
				GCC_WARN_UNDECLARED_SELECTOR = YES;
				GCC_WARN_UNINITIALIZED_AUTOS = YES_AGGRESSIVE;
				GCC_WARN_UNUSED_FUNCTION = YES;
				GCC_WARN_UNUSED_VARIABLE = YES;
				IPHONEOS_DEPLOYMENT_TARGET = 15.5;
				MTL_ENABLE_DEBUG_INFO = INCLUDE_SOURCE;
				MTL_FAST_MATH = YES;
				ONLY_ACTIVE_ARCH = YES;
				SDKROOT = iphoneos;
				SWIFT_ACTIVE_COMPILATION_CONDITIONS = DEBUG;
				SWIFT_OPTIMIZATION_LEVEL = "-Onone";
			};
			name = Debug;
		};
		7FB3A4FB2899996D00063766 /* Release */ = {
			isa = XCBuildConfiguration;
			buildSettings = {
				ALWAYS_SEARCH_USER_PATHS = NO;
				CLANG_ANALYZER_NONNULL = YES;
				CLANG_ANALYZER_NUMBER_OBJECT_CONVERSION = YES_AGGRESSIVE;
				CLANG_CXX_LANGUAGE_STANDARD = "gnu++17";
				CLANG_ENABLE_MODULES = YES;
				CLANG_ENABLE_OBJC_ARC = YES;
				CLANG_ENABLE_OBJC_WEAK = YES;
				CLANG_WARN_BLOCK_CAPTURE_AUTORELEASING = YES;
				CLANG_WARN_BOOL_CONVERSION = YES;
				CLANG_WARN_COMMA = YES;
				CLANG_WARN_CONSTANT_CONVERSION = YES;
				CLANG_WARN_DEPRECATED_OBJC_IMPLEMENTATIONS = YES;
				CLANG_WARN_DIRECT_OBJC_ISA_USAGE = YES_ERROR;
				CLANG_WARN_DOCUMENTATION_COMMENTS = YES;
				CLANG_WARN_EMPTY_BODY = YES;
				CLANG_WARN_ENUM_CONVERSION = YES;
				CLANG_WARN_INFINITE_RECURSION = YES;
				CLANG_WARN_INT_CONVERSION = YES;
				CLANG_WARN_NON_LITERAL_NULL_CONVERSION = YES;
				CLANG_WARN_OBJC_IMPLICIT_RETAIN_SELF = YES;
				CLANG_WARN_OBJC_LITERAL_CONVERSION = YES;
				CLANG_WARN_OBJC_ROOT_CLASS = YES_ERROR;
				CLANG_WARN_QUOTED_INCLUDE_IN_FRAMEWORK_HEADER = YES;
				CLANG_WARN_RANGE_LOOP_ANALYSIS = YES;
				CLANG_WARN_STRICT_PROTOTYPES = YES;
				CLANG_WARN_SUSPICIOUS_MOVE = YES;
				CLANG_WARN_UNGUARDED_AVAILABILITY = YES_AGGRESSIVE;
				CLANG_WARN_UNREACHABLE_CODE = YES;
				CLANG_WARN__DUPLICATE_METHOD_MATCH = YES;
				COPY_PHASE_STRIP = NO;
				DEBUG_INFORMATION_FORMAT = "dwarf-with-dsym";
				ENABLE_NS_ASSERTIONS = NO;
				ENABLE_STRICT_OBJC_MSGSEND = YES;
				GCC_C_LANGUAGE_STANDARD = gnu11;
				GCC_NO_COMMON_BLOCKS = YES;
				GCC_WARN_64_TO_32_BIT_CONVERSION = YES;
				GCC_WARN_ABOUT_RETURN_TYPE = YES_ERROR;
				GCC_WARN_UNDECLARED_SELECTOR = YES;
				GCC_WARN_UNINITIALIZED_AUTOS = YES_AGGRESSIVE;
				GCC_WARN_UNUSED_FUNCTION = YES;
				GCC_WARN_UNUSED_VARIABLE = YES;
				IPHONEOS_DEPLOYMENT_TARGET = 15.5;
				MTL_ENABLE_DEBUG_INFO = NO;
				MTL_FAST_MATH = YES;
				SDKROOT = iphoneos;
				SWIFT_COMPILATION_MODE = wholemodule;
				SWIFT_OPTIMIZATION_LEVEL = "-O";
				VALIDATE_PRODUCT = YES;
			};
			name = Release;
		};
		7FB3A4FD2899996D00063766 /* Debug */ = {
			isa = XCBuildConfiguration;
			baseConfigurationReference = 0810F9C721FC8880CC8E26E0 /* Pods-MessagingAppIOS.debug.xcconfig */;
			buildSettings = {
				ASSETCATALOG_COMPILER_APPICON_NAME = AppIcon;
				ASSETCATALOG_COMPILER_GLOBAL_ACCENT_COLOR_NAME = AccentColor;
				CODE_SIGN_STYLE = Automatic;
				CURRENT_PROJECT_VERSION = 1;
				DEVELOPMENT_TEAM = P44D949A2Q;
				GENERATE_INFOPLIST_FILE = YES;
				INFOPLIST_FILE = MessagingAppIOS/Info.plist;
				INFOPLIST_KEY_UIApplicationSupportsIndirectInputEvents = YES;
				INFOPLIST_KEY_UILaunchStoryboardName = LaunchScreen;
				INFOPLIST_KEY_UIMainStoryboardFile = Main;
				INFOPLIST_KEY_UISupportedInterfaceOrientations_iPad = "UIInterfaceOrientationPortrait UIInterfaceOrientationPortraitUpsideDown UIInterfaceOrientationLandscapeLeft UIInterfaceOrientationLandscapeRight";
				INFOPLIST_KEY_UISupportedInterfaceOrientations_iPhone = "UIInterfaceOrientationPortrait UIInterfaceOrientationLandscapeLeft UIInterfaceOrientationLandscapeRight";
				LD_RUNPATH_SEARCH_PATHS = (
					"$(inherited)",
					"@executable_path/Frameworks",
				);
				MARKETING_VERSION = 1.0;
				PRODUCT_BUNDLE_IDENTIFIER = co.messaingappios.MessagingAppIOS;
				PRODUCT_NAME = "$(TARGET_NAME)";
				SWIFT_EMIT_LOC_STRINGS = YES;
				SWIFT_VERSION = 5.0;
				TARGETED_DEVICE_FAMILY = "1,2";
			};
			name = Debug;
		};
		7FB3A4FE2899996D00063766 /* Release */ = {
			isa = XCBuildConfiguration;
			baseConfigurationReference = 79536D1E5255770419893325 /* Pods-MessagingAppIOS.release.xcconfig */;
			buildSettings = {
				ASSETCATALOG_COMPILER_APPICON_NAME = AppIcon;
				ASSETCATALOG_COMPILER_GLOBAL_ACCENT_COLOR_NAME = AccentColor;
				CODE_SIGN_STYLE = Automatic;
				CURRENT_PROJECT_VERSION = 1;
				DEVELOPMENT_TEAM = P44D949A2Q;
				GENERATE_INFOPLIST_FILE = YES;
				INFOPLIST_FILE = MessagingAppIOS/Info.plist;
				INFOPLIST_KEY_UIApplicationSupportsIndirectInputEvents = YES;
				INFOPLIST_KEY_UILaunchStoryboardName = LaunchScreen;
				INFOPLIST_KEY_UIMainStoryboardFile = Main;
				INFOPLIST_KEY_UISupportedInterfaceOrientations_iPad = "UIInterfaceOrientationPortrait UIInterfaceOrientationPortraitUpsideDown UIInterfaceOrientationLandscapeLeft UIInterfaceOrientationLandscapeRight";
				INFOPLIST_KEY_UISupportedInterfaceOrientations_iPhone = "UIInterfaceOrientationPortrait UIInterfaceOrientationLandscapeLeft UIInterfaceOrientationLandscapeRight";
				LD_RUNPATH_SEARCH_PATHS = (
					"$(inherited)",
					"@executable_path/Frameworks",
				);
				MARKETING_VERSION = 1.0;
				PRODUCT_BUNDLE_IDENTIFIER = co.messaingappios.MessagingAppIOS;
				PRODUCT_NAME = "$(TARGET_NAME)";
				SWIFT_EMIT_LOC_STRINGS = YES;
				SWIFT_VERSION = 5.0;
				TARGETED_DEVICE_FAMILY = "1,2";
			};
			name = Release;
		};
/* End XCBuildConfiguration section */

/* Begin XCConfigurationList section */
		7FB3A4E02899996C00063766 /* Build configuration list for PBXProject "MessagingAppIOS" */ = {
			isa = XCConfigurationList;
			buildConfigurations = (
				7FB3A4FA2899996D00063766 /* Debug */,
				7FB3A4FB2899996D00063766 /* Release */,
			);
			defaultConfigurationIsVisible = 0;
			defaultConfigurationName = Release;
		};
		7FB3A4FC2899996D00063766 /* Build configuration list for PBXNativeTarget "MessagingAppIOS" */ = {
			isa = XCConfigurationList;
			buildConfigurations = (
				7FB3A4FD2899996D00063766 /* Debug */,
				7FB3A4FE2899996D00063766 /* Release */,
			);
			defaultConfigurationIsVisible = 0;
			defaultConfigurationName = Release;
		};
/* End XCConfigurationList section */

/* Begin XCVersionGroup section */
		7FB3A4F12899996C00063766 /* MessagingAppIOS.xcdatamodeld */ = {
			isa = XCVersionGroup;
			children = (
				7FB3A4F22899996C00063766 /* MessagingAppIOS.xcdatamodel */,
			);
			currentVersion = 7FB3A4F22899996C00063766 /* MessagingAppIOS.xcdatamodel */;
			path = MessagingAppIOS.xcdatamodeld;
			sourceTree = "<group>";
			versionGroupType = wrapper.xcdatamodel;
		};
/* End XCVersionGroup section */
	};
	rootObject = 7FB3A4DD2899996C00063766 /* Project object */;
}
